Microsoft Visual Studio Solution File, Format Version 11.00
# Visual Studio 2008

Project("{20409068-23CF-15EA-72FF-70DD13903C1A}") = "Jogo-Turnos-Test", "Assembly-CSharp-firstpass-vs.csproj", "{0487056C-57BE-FE22-AA0C-364D56E15D49}"
EndProject
Project("{20409068-23CF-15EA-72FF-70DD13903C1A}") = "Jogo-Turnos-Test", "Assembly-CSharp-vs.csproj", "{73C5D9A3-5046-BFA0-DFAE-6FD272BCD37F}"
EndProject
Global
	GlobalSection(SolutionConfigurationPlatforms) = preSolution
		Debug|Any CPU = Debug|Any CPU
		Release|Any CPU = Release|Any CPU
	EndGlobalSection
	GlobalSection(ProjectConfigurationPlatforms) = postSolution
		{0487056C-57BE-FE22-AA0C-364D56E15D49}.Debug|Any CPU.ActiveCfg = Debug|Any CPU
		{0487056C-57BE-FE22-AA0C-364D56E15D49}.Debug|Any CPU.Build.0 = Debug|Any CPU
		{0487056C-57BE-FE22-AA0C-364D56E15D49}.Release|Any CPU.ActiveCfg = Release|Any CPU
		{0487056C-57BE-FE22-AA0C-364D56E15D49}.Release|Any CPU.Build.0 = Release|Any CPU
		{73C5D9A3-5046-BFA0-DFAE-6FD272BCD37F}.Debug|Any CPU.ActiveCfg = Debug|Any CPU
		{73C5D9A3-5046-BFA0-DFAE-6FD272BCD37F}.Debug|Any CPU.Build.0 = Debug|Any CPU
		{73C5D9A3-5046-BFA0-DFAE-6FD272BCD37F}.Release|Any CPU.ActiveCfg = Release|Any CPU
		{73C5D9A3-5046-BFA0-DFAE-6FD272BCD37F}.Release|Any CPU.Build.0 = Release|Any CPU
	EndGlobalSection
	GlobalSection(SolutionProperties) = preSolution
		HideSolutionNode = FALSE
	EndGlobalSection
																			GlobalSection(MonoDevelopProperties) = preSolution
		StartupItem = Assembly-CSharp.csproj
		Policies = $0
		$0.TextStylePolicy = $1
		$1.inheritsSet = null
		$1.scope = text/x-csharp
		$0.CSharpFormattingPolicy = $2
		$2.inheritsSet = Mono
		$2.inheritsScope = text/x-csharp
		$2.scope = text/x-csharp
		$0.TextStylePolicy = $3
		$3.FileWidth = 120
		$3.TabWidth = 4
		$3.EolMarker = Unix
		$3.inheritsSet = Mono
		$3.inheritsScope = text/plain
		$3.scope = text/plain
	EndGlobalSection

EndGlobal
